
Microsoft Visual Studio Solution File, Format Version 12.00
# Visual Studio Version 16
VisualStudioVersion = 16.0.30104.148
MinimumVisualStudioVersion = 10.0.40219.1
Project("{FAE04EC0-301F-11D3-BF4B-00C04F79EFBC}") = "SiqnalRChat.Api", "SiqnalRChat.Api\SiqnalRChat.Api.csproj", "{A631CB47-7446-4C52-96E1-DC7E4AA2E68F}"
EndProject
Global
	GlobalSection(SolutionConfigurationPlatforms) = preSolution
		Debug|Any CPU = Debug|Any CPU
		Release|Any CPU = Release|Any CPU
	EndGlobalSection
	GlobalSection(ProjectConfigurationPlatforms) = postSolution
		{A631CB47-7446-4C52-96E1-DC7E4AA2E68F}.Debug|Any CPU.ActiveCfg = Debug|Any CPU
		{A631CB47-7446-4C52-96E1-DC7E4AA2E68F}.Debug|Any CPU.Build.0 = Debug|Any CPU
		{A631CB47-7446-4C52-96E1-DC7E4AA2E68F}.Release|Any CPU.ActiveCfg = Release|Any CPU
		{A631CB47-7446-4C52-96E1-DC7E4AA2E68F}.Release|Any CPU.Build.0 = Release|Any CPU
	EndGlobalSection
	GlobalSection(SolutionProperties) = preSolution
		HideSolutionNode = FALSE
	EndGlobalSection
	GlobalSection(ExtensibilityGlobals) = postSolution
		SolutionGuid = {05130DD4-8C57-464D-99F1-EB62B7EE345D}
	EndGlobalSection
EndGlobal
